# THIS IS AN AUTOGENERATED FILE. DO NOT EDIT THIS FILE DIRECTLY.
# yarn lockfile v1


"@typescript/server-harness@^0.3.5":
  version "0.3.5"
  resolved "https://registry.yarnpkg.com/@typescript/server-harness/-/server-harness-0.3.5.tgz#4dcb26f5436da5a129e961fb749130f60dd713ac"
  integrity sha512-YT9oe27zm7HdGXYad5SZrdJzVe9eavG3F6YplsWvAraowGtuDeY7FHPVuQPtQj6GxG097Us4JDkA8n5I4iQovQ==

commander@^12.1.0:
  version "12.1.0"
  resolved "https://registry.yarnpkg.com/commander/-/commander-12.1.0.tgz#01423b36f501259fdaac4d0e4d60c96c991585d3"
  integrity sha512-Vw8qHK3bZM9y/P10u3Vib8o/DdkvA2OtPtZvD871QKjy74Wj1WSKFILMPRPSdUSx5RFK1arlJzEtA4PkFgnbuA==

pidusage@^3.0.2:
  version "3.0.2"
  resolved "https://registry.yarnpkg.com/pidusage/-/pidusage-3.0.2.tgz#6faa5402b2530b3af2cf93d13bcf202889724a53"
  integrity sha512-g0VU+y08pKw5M8EZ2rIGiEBaB8wrQMjYGFfW2QVIfyT8V+fq8YFLkvlz4bz5ljvFDJYNFCWT3PWqcRr2FKO81w==
  dependencies:
    safe-buffer "^5.2.1"

safe-buffer@^5.2.1:
  version "5.2.1"
  resolved "https://registry.yarnpkg.com/safe-buffer/-/safe-buffer-5.2.1.tgz#1eaf9fa9bdb1fdd4ec75f58f9cdb4e6b7827eec6"
  integrity sha512-rp3So07KcdmmKbGvgaNxQSJr7bGVSVk5S9Eq1F+ppbRo70+YeaDxkw5Dd8NPN+GD6bjnYm2VuPuCXmpuYvmCXQ==
